
Microsoft Visual Studio Solution File, Format Version 12.00
# Visual Studio 15
VisualStudioVersion = 15.0.27130.2036
MinimumVisualStudioVersion = 10.0.40219.1
Project("{FAE04EC0-301F-11D3-BF4B-00C04F79EFBC}") = "divire", "divire\divire.csproj", "{95ADF59C-2B44-48C9-9059-1DD1449C2E45}"
	ProjectSection(ProjectDependencies) = postProject
		{6EB7F801-D224-41FD-8481-18508F135D82} = {6EB7F801-D224-41FD-8481-18508F135D82}
	EndProjectSection
EndProject
Project("{8BC9CEB8-8B4A-11D0-8D11-00A0C91BC942}") = "ImageOperations", "ImageOperations\ImageOperations.vcxproj", "{6EB7F801-D224-41FD-8481-18508F135D82}"
EndProject
Global
	GlobalSection(SolutionConfigurationPlatforms) = preSolution
		Debug|Any CPU = Debug|Any CPU
		Debug|x64 = Debug|x64
		Debug|x86 = Debug|x86
		Release|Any CPU = Release|Any CPU
		Release|x64 = Release|x64
		Release|x86 = Release|x86
	EndGlobalSection
	GlobalSection(ProjectConfigurationPlatforms) = postSolution
		{95ADF59C-2B44-48C9-9059-1DD1449C2E45}.Debug|Any CPU.ActiveCfg = Debug|x64
		{95ADF59C-2B44-48C9-9059-1DD1449C2E45}.Debug|Any CPU.Build.0 = Debug|x64
		{95ADF59C-2B44-48C9-9059-1DD1449C2E45}.Debug|x64.ActiveCfg = Debug|x64
		{95ADF59C-2B44-48C9-9059-1DD1449C2E45}.Debug|x64.Build.0 = Debug|x64
		{95ADF59C-2B44-48C9-9059-1DD1449C2E45}.Debug|x86.ActiveCfg = Debug|Any CPU
		{95ADF59C-2B44-48C9-9059-1DD1449C2E45}.Debug|x86.Build.0 = Debug|Any CPU
		{95ADF59C-2B44-48C9-9059-1DD1449C2E45}.Release|Any CPU.ActiveCfg = Release|Any CPU
		{95ADF59C-2B44-48C9-9059-1DD1449C2E45}.Release|Any CPU.Build.0 = Release|Any CPU
		{95ADF59C-2B44-48C9-9059-1DD1449C2E45}.Release|x64.ActiveCfg = Release|x64
		{95ADF59C-2B44-48C9-9059-1DD1449C2E45}.Release|x64.Build.0 = Release|x64
		{95ADF59C-2B44-48C9-9059-1DD1449C2E45}.Release|x86.ActiveCfg = Release|Any CPU
		{95ADF59C-2B44-48C9-9059-1DD1449C2E45}.Release|x86.Build.0 = Release|Any CPU
		{6EB7F801-D224-41FD-8481-18508F135D82}.Debug|Any CPU.ActiveCfg = Debug|Win32
		{6EB7F801-D224-41FD-8481-18508F135D82}.Debug|x64.ActiveCfg = Debug|x64
		{6EB7F801-D224-41FD-8481-18508F135D82}.Debug|x64.Build.0 = Debug|x64
		{6EB7F801-D224-41FD-8481-18508F135D82}.Debug|x86.ActiveCfg = Debug|Win32
		{6EB7F801-D224-41FD-8481-18508F135D82}.Debug|x86.Build.0 = Debug|Win32
		{6EB7F801-D224-41FD-8481-18508F135D82}.Release|Any CPU.ActiveCfg = Release|Win32
		{6EB7F801-D224-41FD-8481-18508F135D82}.Release|x64.ActiveCfg = Release|x64
		{6EB7F801-D224-41FD-8481-18508F135D82}.Release|x64.Build.0 = Release|x64
		{6EB7F801-D224-41FD-8481-18508F135D82}.Release|x86.ActiveCfg = Release|Win32
		{6EB7F801-D224-41FD-8481-18508F135D82}.Release|x86.Build.0 = Release|Win32
	EndGlobalSection
	GlobalSection(SolutionProperties) = preSolution
		HideSolutionNode = FALSE
	EndGlobalSection
	GlobalSection(ExtensibilityGlobals) = postSolution
		SolutionGuid = {DD3D53CE-57E3-4562-93F7-5B413F95CCAD}
	EndGlobalSection
EndGlobal
